
Microsoft Visual Studio Solution File, Format Version 12.00
# Visual Studio Version 17
VisualStudioVersion = 17.12.35707.178
MinimumVisualStudioVersion = 10.0.40219.1
Project("{FAE04EC0-301F-11D3-BF4B-00C04F79EFBC}") = "Dbosoft.PipelineTest.Core", "src\Dbosoft.PipelineTest.Core\Dbosoft.PipelineTest.Core.csproj", "{1CCAB9D1-14B6-4A5D-A23E-DC7089D0F86C}"
EndProject
Project("{FAE04EC0-301F-11D3-BF4B-00C04F79EFBC}") = "Dbosoft.PipelineTest.App", "src\Dbosoft.PipelineTest.App\Dbosoft.PipelineTest.App.csproj", "{ED085B98-2000-4C9D-A709-45B37EB00B6A}"
EndProject
Project("{FAE04EC0-301F-11D3-BF4B-00C04F79EFBC}") = "Dbosoft.PipelineTest.Core.Tests", "test\Dbosoft.PipelineTest.Core.Tests\Dbosoft.PipelineTest.Core.Tests.csproj", "{0AAF40CF-4CBD-4261-BFA3-D41612AA0FC8}"
EndProject
Global
	GlobalSection(SolutionConfigurationPlatforms) = preSolution
		Debug|Any CPU = Debug|Any CPU
		Release|Any CPU = Release|Any CPU
	EndGlobalSection
	GlobalSection(ProjectConfigurationPlatforms) = postSolution
		{1CCAB9D1-14B6-4A5D-A23E-DC7089D0F86C}.Debug|Any CPU.ActiveCfg = Debug|Any CPU
		{1CCAB9D1-14B6-4A5D-A23E-DC7089D0F86C}.Debug|Any CPU.Build.0 = Debug|Any CPU
		{1CCAB9D1-14B6-4A5D-A23E-DC7089D0F86C}.Release|Any CPU.ActiveCfg = Release|Any CPU
		{1CCAB9D1-14B6-4A5D-A23E-DC7089D0F86C}.Release|Any CPU.Build.0 = Release|Any CPU
		{ED085B98-2000-4C9D-A709-45B37EB00B6A}.Debug|Any CPU.ActiveCfg = Debug|Any CPU
		{ED085B98-2000-4C9D-A709-45B37EB00B6A}.Debug|Any CPU.Build.0 = Debug|Any CPU
		{ED085B98-2000-4C9D-A709-45B37EB00B6A}.Release|Any CPU.ActiveCfg = Release|Any CPU
		{ED085B98-2000-4C9D-A709-45B37EB00B6A}.Release|Any CPU.Build.0 = Release|Any CPU
		{0AAF40CF-4CBD-4261-BFA3-D41612AA0FC8}.Debug|Any CPU.ActiveCfg = Debug|Any CPU
		{0AAF40CF-4CBD-4261-BFA3-D41612AA0FC8}.Debug|Any CPU.Build.0 = Debug|Any CPU
		{0AAF40CF-4CBD-4261-BFA3-D41612AA0FC8}.Release|Any CPU.ActiveCfg = Release|Any CPU
		{0AAF40CF-4CBD-4261-BFA3-D41612AA0FC8}.Release|Any CPU.Build.0 = Release|Any CPU
	EndGlobalSection
	GlobalSection(SolutionProperties) = preSolution
		HideSolutionNode = FALSE
	EndGlobalSection
EndGlobal
